
Microsoft Visual Studio Solution File, Format Version 10.00
# Visual Studio 2008
Project("{FAE04EC0-301F-11D3-BF4B-00C04F79EFBC}") = "SqlTools", "MySqlClass\SqlTools.csproj", "{0E5EFD5B-5F4C-4102-B835-84CD3DB8FD4D}"
EndProject
Project("{FAE04EC0-301F-11D3-BF4B-00C04F79EFBC}") = "SqlTester", "SqlTester\SqlTester.csproj", "{7AC35C4C-A1E3-448C-8533-77A4225DA92B}"
EndProject
Project("{FAE04EC0-301F-11D3-BF4B-00C04F79EFBC}") = "serverTest", "serverTest\serverTest.csproj", "{880D1D8A-98EB-4AE0-8D34-26DCB7A766A8}"
EndProject
Global
	GlobalSection(SolutionConfigurationPlatforms) = preSolution
		Debug|Any CPU = Debug|Any CPU
		Release|Any CPU = Release|Any CPU
	EndGlobalSection
	GlobalSection(ProjectConfigurationPlatforms) = postSolution
		{0E5EFD5B-5F4C-4102-B835-84CD3DB8FD4D}.Debug|Any CPU.ActiveCfg = Debug|Any CPU
		{0E5EFD5B-5F4C-4102-B835-84CD3DB8FD4D}.Debug|Any CPU.Build.0 = Debug|Any CPU
		{0E5EFD5B-5F4C-4102-B835-84CD3DB8FD4D}.Release|Any CPU.ActiveCfg = Release|Any CPU
		{0E5EFD5B-5F4C-4102-B835-84CD3DB8FD4D}.Release|Any CPU.Build.0 = Release|Any CPU
		{7AC35C4C-A1E3-448C-8533-77A4225DA92B}.Debug|Any CPU.ActiveCfg = Debug|Any CPU
		{7AC35C4C-A1E3-448C-8533-77A4225DA92B}.Debug|Any CPU.Build.0 = Debug|Any CPU
		{7AC35C4C-A1E3-448C-8533-77A4225DA92B}.Release|Any CPU.ActiveCfg = Release|Any CPU
		{7AC35C4C-A1E3-448C-8533-77A4225DA92B}.Release|Any CPU.Build.0 = Release|Any CPU
		{880D1D8A-98EB-4AE0-8D34-26DCB7A766A8}.Debug|Any CPU.ActiveCfg = Debug|Any CPU
		{880D1D8A-98EB-4AE0-8D34-26DCB7A766A8}.Debug|Any CPU.Build.0 = Debug|Any CPU
		{880D1D8A-98EB-4AE0-8D34-26DCB7A766A8}.Release|Any CPU.ActiveCfg = Release|Any CPU
		{880D1D8A-98EB-4AE0-8D34-26DCB7A766A8}.Release|Any CPU.Build.0 = Release|Any CPU
	EndGlobalSection
	GlobalSection(SolutionProperties) = preSolution
		HideSolutionNode = FALSE
	EndGlobalSection
EndGlobal
